
Microsoft Visual Studio Solution File, Format Version 12.00
# Visual Studio Version 17
VisualStudioVersion = 17.6.33829.357
MinimumVisualStudioVersion = 10.0.40219.1
Project("{2150E333-8FDC-42A3-9474-1A3956D46DE8}") = "UI", "UI", "{31B986B4-4EB6-4877-ACCA-3101AB67C4AA}"
EndProject
Project("{2150E333-8FDC-42A3-9474-1A3956D46DE8}") = "Tests", "Tests", "{08A7C941-7D95-4D81-812B-C477397028B0}"
EndProject
Project("{2150E333-8FDC-42A3-9474-1A3956D46DE8}") = "Infraestructure", "Infraestructure", "{71A36BDB-A4D0-42B9-A402-8E8F641FC52F}"
EndProject
Project("{2150E333-8FDC-42A3-9474-1A3956D46DE8}") = "Domain", "Domain", "{DDDE9548-31C7-4608-8EE6-EA84C219ADE2}"
EndProject
Project("{2150E333-8FDC-42A3-9474-1A3956D46DE8}") = "Application", "Application", "{8F68BE51-85F3-4B20-A5C8-D2070E7DF60A}"
EndProject
Project("{9A19103F-16F7-4668-BE54-9A1E7A4F7556}") = "Estimatz.UI", "UI\Estimatz.UI\Estimatz.UI.csproj", "{098F3742-54C1-45CB-971B-7479D8C1FC8E}"
EndProject
Project("{9A19103F-16F7-4668-BE54-9A1E7A4F7556}") = "Estimatz.Commands", "Application\Estimatz.Commands\Estimatz.Commands.csproj", "{C1D561EF-3D47-41B2-B68F-6B0608DA47FF}"
EndProject
Project("{9A19103F-16F7-4668-BE54-9A1E7A4F7556}") = "Estimatz.Queries", "Application\Estimatz.Queries\Estimatz.Queries.csproj", "{CD319675-17A8-4ACB-867A-7BDA6850E346}"
EndProject
Project("{9A19103F-16F7-4668-BE54-9A1E7A4F7556}") = "Estimatz.Entities", "Domain\Estimatz.Entities\Estimatz.Entities.csproj", "{B9406492-39E0-4708-978F-E38D12692985}"
EndProject
Project("{9A19103F-16F7-4668-BE54-9A1E7A4F7556}") = "Estimatz.Services", "Domain\Estimatz.Services\Estimatz.Services.csproj", "{9ECAF94A-636C-460A-9CA7-A7FBCAE35BAB}"
EndProject
Project("{9A19103F-16F7-4668-BE54-9A1E7A4F7556}") = "Estimatz.Data", "Infraestructure\Estimatz.Data\Estimatz.Data.csproj", "{C21F32AB-D1E1-498E-BF64-81178E4944C5}"
EndProject
Project("{9A19103F-16F7-4668-BE54-9A1E7A4F7556}") = "Estimatz.CosmosDB", "Infraestructure\Estimatz.CosmosDB\Estimatz.CosmosDB.csproj", "{A2124DC6-CAA8-4A29-824D-22D3814CF8C9}"
EndProject
Project("{9A19103F-16F7-4668-BE54-9A1E7A4F7556}") = "Estimatz.Events", "Application\Estimatz.Events\Estimatz.Events.csproj", "{665F7C96-147B-479A-B714-2F3D0B315655}"
EndProject
Project("{9A19103F-16F7-4668-BE54-9A1E7A4F7556}") = "Estimatz.Infra.Services", "Infraestructure\Estimatz.Infra.Services\Estimatz.Infra.Services.csproj", "{E3A2A654-6902-4E9B-A27E-EDF428EA82C3}"
EndProject
Project("{9A19103F-16F7-4668-BE54-9A1E7A4F7556}") = "Estimatz.Cache", "Infraestructure\Estimatz.Cache\Estimatz.Cache.csproj", "{B4ABC343-0F20-418B-A3A7-C2EC0432B786}"
EndProject
Project("{9A19103F-16F7-4668-BE54-9A1E7A4F7556}") = "Estimatz.Test.UnitTest", "Tests\Estimatz.Test\Estimatz.Test.UnitTest.csproj", "{67837AA5-6549-42BC-8986-CECE7D3EA882}"
EndProject
Project("{9A19103F-16F7-4668-BE54-9A1E7A4F7556}") = "Estimatz.Resources", "Domain\Estimatz.Resources\Estimatz.Resources.csproj", "{AA8EC77A-0065-42FD-AB40-3BD0297300C7}"
EndProject
Project("{9A19103F-16F7-4668-BE54-9A1E7A4F7556}") = "Estimatz.Notifications", "Application\Estimatz.Notifications\Estimatz.Notifications.csproj", "{30A32CF7-5291-4197-8087-8DFD3072D31A}"
EndProject
Project("{9A19103F-16F7-4668-BE54-9A1E7A4F7556}") = "Estimatz.Util", "Domain\Estimatz.Util\Estimatz.Util.csproj", "{C364D82B-1AAD-4DCB-BB35-EA99C03C8AE5}"
EndProject
Project("{FAE04EC0-301F-11D3-BF4B-00C04F79EFBC}") = "Estimatz.Logger", "Infraestructure\Estimatz.Logger\Estimatz.Logger.csproj", "{6D585669-9209-4CCF-9E7B-9EC0B99F79BA}"
EndProject
Global
	GlobalSection(SolutionConfigurationPlatforms) = preSolution
		Debug|Any CPU = Debug|Any CPU
		Release|Any CPU = Release|Any CPU
	EndGlobalSection
	GlobalSection(ProjectConfigurationPlatforms) = postSolution
		{098F3742-54C1-45CB-971B-7479D8C1FC8E}.Debug|Any CPU.ActiveCfg = Debug|Any CPU
		{098F3742-54C1-45CB-971B-7479D8C1FC8E}.Debug|Any CPU.Build.0 = Debug|Any CPU
		{098F3742-54C1-45CB-971B-7479D8C1FC8E}.Release|Any CPU.ActiveCfg = Release|Any CPU
		{098F3742-54C1-45CB-971B-7479D8C1FC8E}.Release|Any CPU.Build.0 = Release|Any CPU
		{C1D561EF-3D47-41B2-B68F-6B0608DA47FF}.Debug|Any CPU.ActiveCfg = Debug|Any CPU
		{C1D561EF-3D47-41B2-B68F-6B0608DA47FF}.Debug|Any CPU.Build.0 = Debug|Any CPU
		{C1D561EF-3D47-41B2-B68F-6B0608DA47FF}.Release|Any CPU.ActiveCfg = Release|Any CPU
		{C1D561EF-3D47-41B2-B68F-6B0608DA47FF}.Release|Any CPU.Build.0 = Release|Any CPU
		{CD319675-17A8-4ACB-867A-7BDA6850E346}.Debug|Any CPU.ActiveCfg = Debug|Any CPU
		{CD319675-17A8-4ACB-867A-7BDA6850E346}.Debug|Any CPU.Build.0 = Debug|Any CPU
		{CD319675-17A8-4ACB-867A-7BDA6850E346}.Release|Any CPU.ActiveCfg = Release|Any CPU
		{CD319675-17A8-4ACB-867A-7BDA6850E346}.Release|Any CPU.Build.0 = Release|Any CPU
		{B9406492-39E0-4708-978F-E38D12692985}.Debug|Any CPU.ActiveCfg = Debug|Any CPU
		{B9406492-39E0-4708-978F-E38D12692985}.Debug|Any CPU.Build.0 = Debug|Any CPU
		{B9406492-39E0-4708-978F-E38D12692985}.Release|Any CPU.ActiveCfg = Release|Any CPU
		{B9406492-39E0-4708-978F-E38D12692985}.Release|Any CPU.Build.0 = Release|Any CPU
		{9ECAF94A-636C-460A-9CA7-A7FBCAE35BAB}.Debug|Any CPU.ActiveCfg = Debug|Any CPU
		{9ECAF94A-636C-460A-9CA7-A7FBCAE35BAB}.Debug|Any CPU.Build.0 = Debug|Any CPU
		{9ECAF94A-636C-460A-9CA7-A7FBCAE35BAB}.Release|Any CPU.ActiveCfg = Release|Any CPU
		{9ECAF94A-636C-460A-9CA7-A7FBCAE35BAB}.Release|Any CPU.Build.0 = Release|Any CPU
		{C21F32AB-D1E1-498E-BF64-81178E4944C5}.Debug|Any CPU.ActiveCfg = Debug|Any CPU
		{C21F32AB-D1E1-498E-BF64-81178E4944C5}.Debug|Any CPU.Build.0 = Debug|Any CPU
		{C21F32AB-D1E1-498E-BF64-81178E4944C5}.Release|Any CPU.ActiveCfg = Release|Any CPU
		{C21F32AB-D1E1-498E-BF64-81178E4944C5}.Release|Any CPU.Build.0 = Release|Any CPU
		{A2124DC6-CAA8-4A29-824D-22D3814CF8C9}.Debug|Any CPU.ActiveCfg = Debug|Any CPU
		{A2124DC6-CAA8-4A29-824D-22D3814CF8C9}.Debug|Any CPU.Build.0 = Debug|Any CPU
		{A2124DC6-CAA8-4A29-824D-22D3814CF8C9}.Release|Any CPU.ActiveCfg = Release|Any CPU
		{A2124DC6-CAA8-4A29-824D-22D3814CF8C9}.Release|Any CPU.Build.0 = Release|Any CPU
		{665F7C96-147B-479A-B714-2F3D0B315655}.Debug|Any CPU.ActiveCfg = Debug|Any CPU
		{665F7C96-147B-479A-B714-2F3D0B315655}.Debug|Any CPU.Build.0 = Debug|Any CPU
		{665F7C96-147B-479A-B714-2F3D0B315655}.Release|Any CPU.ActiveCfg = Release|Any CPU
		{665F7C96-147B-479A-B714-2F3D0B315655}.Release|Any CPU.Build.0 = Release|Any CPU
		{E3A2A654-6902-4E9B-A27E-EDF428EA82C3}.Debug|Any CPU.ActiveCfg = Debug|Any CPU
		{E3A2A654-6902-4E9B-A27E-EDF428EA82C3}.Debug|Any CPU.Build.0 = Debug|Any CPU
		{E3A2A654-6902-4E9B-A27E-EDF428EA82C3}.Release|Any CPU.ActiveCfg = Release|Any CPU
		{E3A2A654-6902-4E9B-A27E-EDF428EA82C3}.Release|Any CPU.Build.0 = Release|Any CPU
		{B4ABC343-0F20-418B-A3A7-C2EC0432B786}.Debug|Any CPU.ActiveCfg = Debug|Any CPU
		{B4ABC343-0F20-418B-A3A7-C2EC0432B786}.Debug|Any CPU.Build.0 = Debug|Any CPU
		{B4ABC343-0F20-418B-A3A7-C2EC0432B786}.Release|Any CPU.ActiveCfg = Release|Any CPU
		{B4ABC343-0F20-418B-A3A7-C2EC0432B786}.Release|Any CPU.Build.0 = Release|Any CPU
		{67837AA5-6549-42BC-8986-CECE7D3EA882}.Debug|Any CPU.ActiveCfg = Debug|Any CPU
		{67837AA5-6549-42BC-8986-CECE7D3EA882}.Debug|Any CPU.Build.0 = Debug|Any CPU
		{67837AA5-6549-42BC-8986-CECE7D3EA882}.Release|Any CPU.ActiveCfg = Release|Any CPU
		{67837AA5-6549-42BC-8986-CECE7D3EA882}.Release|Any CPU.Build.0 = Release|Any CPU
		{AA8EC77A-0065-42FD-AB40-3BD0297300C7}.Debug|Any CPU.ActiveCfg = Debug|Any CPU
		{AA8EC77A-0065-42FD-AB40-3BD0297300C7}.Debug|Any CPU.Build.0 = Debug|Any CPU
		{AA8EC77A-0065-42FD-AB40-3BD0297300C7}.Release|Any CPU.ActiveCfg = Release|Any CPU
		{AA8EC77A-0065-42FD-AB40-3BD0297300C7}.Release|Any CPU.Build.0 = Release|Any CPU
		{30A32CF7-5291-4197-8087-8DFD3072D31A}.Debug|Any CPU.ActiveCfg = Debug|Any CPU
		{30A32CF7-5291-4197-8087-8DFD3072D31A}.Debug|Any CPU.Build.0 = Debug|Any CPU
		{30A32CF7-5291-4197-8087-8DFD3072D31A}.Release|Any CPU.ActiveCfg = Release|Any CPU
		{30A32CF7-5291-4197-8087-8DFD3072D31A}.Release|Any CPU.Build.0 = Release|Any CPU
		{C364D82B-1AAD-4DCB-BB35-EA99C03C8AE5}.Debug|Any CPU.ActiveCfg = Debug|Any CPU
		{C364D82B-1AAD-4DCB-BB35-EA99C03C8AE5}.Debug|Any CPU.Build.0 = Debug|Any CPU
		{C364D82B-1AAD-4DCB-BB35-EA99C03C8AE5}.Release|Any CPU.ActiveCfg = Release|Any CPU
		{C364D82B-1AAD-4DCB-BB35-EA99C03C8AE5}.Release|Any CPU.Build.0 = Release|Any CPU
		{6D585669-9209-4CCF-9E7B-9EC0B99F79BA}.Debug|Any CPU.ActiveCfg = Debug|Any CPU
		{6D585669-9209-4CCF-9E7B-9EC0B99F79BA}.Debug|Any CPU.Build.0 = Debug|Any CPU
		{6D585669-9209-4CCF-9E7B-9EC0B99F79BA}.Release|Any CPU.ActiveCfg = Release|Any CPU
		{6D585669-9209-4CCF-9E7B-9EC0B99F79BA}.Release|Any CPU.Build.0 = Release|Any CPU
	EndGlobalSection
	GlobalSection(SolutionProperties) = preSolution
		HideSolutionNode = FALSE
	EndGlobalSection
	GlobalSection(NestedProjects) = preSolution
		{098F3742-54C1-45CB-971B-7479D8C1FC8E} = {31B986B4-4EB6-4877-ACCA-3101AB67C4AA}
		{C1D561EF-3D47-41B2-B68F-6B0608DA47FF} = {8F68BE51-85F3-4B20-A5C8-D2070E7DF60A}
		{CD319675-17A8-4ACB-867A-7BDA6850E346} = {8F68BE51-85F3-4B20-A5C8-D2070E7DF60A}
		{B9406492-39E0-4708-978F-E38D12692985} = {DDDE9548-31C7-4608-8EE6-EA84C219ADE2}
		{9ECAF94A-636C-460A-9CA7-A7FBCAE35BAB} = {DDDE9548-31C7-4608-8EE6-EA84C219ADE2}
		{C21F32AB-D1E1-498E-BF64-81178E4944C5} = {71A36BDB-A4D0-42B9-A402-8E8F641FC52F}
		{A2124DC6-CAA8-4A29-824D-22D3814CF8C9} = {71A36BDB-A4D0-42B9-A402-8E8F641FC52F}
		{665F7C96-147B-479A-B714-2F3D0B315655} = {8F68BE51-85F3-4B20-A5C8-D2070E7DF60A}
		{E3A2A654-6902-4E9B-A27E-EDF428EA82C3} = {71A36BDB-A4D0-42B9-A402-8E8F641FC52F}
		{B4ABC343-0F20-418B-A3A7-C2EC0432B786} = {71A36BDB-A4D0-42B9-A402-8E8F641FC52F}
		{67837AA5-6549-42BC-8986-CECE7D3EA882} = {08A7C941-7D95-4D81-812B-C477397028B0}
		{AA8EC77A-0065-42FD-AB40-3BD0297300C7} = {DDDE9548-31C7-4608-8EE6-EA84C219ADE2}
		{30A32CF7-5291-4197-8087-8DFD3072D31A} = {8F68BE51-85F3-4B20-A5C8-D2070E7DF60A}
		{C364D82B-1AAD-4DCB-BB35-EA99C03C8AE5} = {DDDE9548-31C7-4608-8EE6-EA84C219ADE2}
		{6D585669-9209-4CCF-9E7B-9EC0B99F79BA} = {71A36BDB-A4D0-42B9-A402-8E8F641FC52F}
	EndGlobalSection
	GlobalSection(ExtensibilityGlobals) = postSolution
		SolutionGuid = {B4EB89D3-66C0-4D7C-8E02-E2147FCA0DD8}
	EndGlobalSection
EndGlobal
